<?xml version="1.0" encoding="utf-8"?>
<Project ToolsVersion="4.0" xmlns="http://schemas.microsoft.com/developer/msbuild/2003">
  <ItemGroup>
    <Filter Include="Resource Files">
      <UniqueIdentifier>{67DA6AB6-F800-4c08-8B7A-83BB121AAD01}</UniqueIdentifier>
      <Extensions>rc;ico;cur;bmp;dlg;rc2;rct;bin;rgs;gif;jpg;jpeg;jpe;resx;tiff;tif;png;wav;mfcribbon-ms</Extensions>
    </Filter>
    <Filter Include="Tests">
      <UniqueIdentifier>{fc3a29ed-e0dc-45ce-a822-6c067128d7a7}</UniqueIdentifier>
    </Filter>
    <Filter Include="Sources">
      <UniqueIdentifier>{d458a7a8-07ea-4af9-a543-5fb43d319627}</UniqueIdentifier>
    </Filter>
    <Filter Include="Include">
      <UniqueIdentifier>{f0ce587f-3cdf-417f-b18d-0bab4d1fabc0}</UniqueIdentifier>
    </Filter>
  </ItemGroup>
  <ItemGroup>
    <ClCompile Include="src\Main.cpp">
      <Filter>Sources</Filter>
    </ClCompile>
    <ClCompile Include="tests\test_sequence\main_sequence_test.cpp">
      <Filter>Tests</Filter>
    </ClCompile>
    <ClCompile Include="tests\test_sequence\basic_sequence_test.cpp">
      <Filter>Tests</Filter>
    </ClCompile>
    <ClCompile Include="tests\main_test.cpp">
      <Filter>Tests</Filter>
    </ClCompile>
    <ClCompile Include="tests\test_sequence\operator_sequence_test.cpp">
      <Filter>Tests</Filter>
    </ClCompile>
  </ItemGroup>
  <ItemGroup>
    <ClInclude Include="include\Sequence.h">
      <Filter>Include</Filter>
    </ClInclude>
    <ClInclude Include="tests\test_sequence\test_sequence.h">
      <Filter>Tests</Filter>
    </ClInclude>
    <ClInclude Include="tests\run_tests.h">
      <Filter>Tests</Filter>
    </ClInclude>
  </ItemGroup>
</Project>